
Microsoft Visual Studio Solution File, Format Version 12.00
# Visual Studio 15
VisualStudioVersion = 15.0.28307.136
MinimumVisualStudioVersion = 10.0.40219.1
Project("{FAE04EC0-301F-11D3-BF4B-00C04F79EFBC}") = "mobileAir", "mobileAir\mobileAir.csproj", "{8A4913E7-A9F5-4F85-8C22-D8C153F0C08E}"
EndProject
Project("{54435603-DBB4-11D2-8724-00A0C9A8B90C}") = "mobileairSetup", "mobileairSetup\mobileairSetup.vdproj", "{61DDCB64-AADF-4337-B857-86B4C0AC494E}"
EndProject
Global
	GlobalSection(SolutionConfigurationPlatforms) = preSolution
		Debug|Any CPU = Debug|Any CPU
		Release|Any CPU = Release|Any CPU
	EndGlobalSection
	GlobalSection(ProjectConfigurationPlatforms) = postSolution
		{8A4913E7-A9F5-4F85-8C22-D8C153F0C08E}.Debug|Any CPU.ActiveCfg = Debug|Any CPU
		{8A4913E7-A9F5-4F85-8C22-D8C153F0C08E}.Debug|Any CPU.Build.0 = Debug|Any CPU
		{8A4913E7-A9F5-4F85-8C22-D8C153F0C08E}.Release|Any CPU.ActiveCfg = Release|Any CPU
		{8A4913E7-A9F5-4F85-8C22-D8C153F0C08E}.Release|Any CPU.Build.0 = Release|Any CPU
		{61DDCB64-AADF-4337-B857-86B4C0AC494E}.Debug|Any CPU.ActiveCfg = Debug
		{61DDCB64-AADF-4337-B857-86B4C0AC494E}.Release|Any CPU.ActiveCfg = Release
	EndGlobalSection
	GlobalSection(SolutionProperties) = preSolution
		HideSolutionNode = FALSE
	EndGlobalSection
	GlobalSection(ExtensibilityGlobals) = postSolution
		SolutionGuid = {B058BCE4-6B30-4FF5-AF67-5098808AC058}
	EndGlobalSection
EndGlobal
